
Microsoft Visual Studio Solution File, Format Version 12.00
# Visual Studio Version 17
VisualStudioVersion = 17.10.35027.167
MinimumVisualStudioVersion = 10.0.40219.1
Project("{FAE04EC0-301F-11D3-BF4B-00C04F79EFBC}") = "SemanticKernelEmailDemo", "SemanticKernelEmailDemo\SemanticKernelEmailDemo.csproj", "{B2E549D7-DD2A-44F7-A69C-9DC622C8901A}"
EndProject
Global
	GlobalSection(SolutionConfigurationPlatforms) = preSolution
		Debug|Any CPU = Debug|Any CPU
		Release|Any CPU = Release|Any CPU
	EndGlobalSection
	GlobalSection(ProjectConfigurationPlatforms) = postSolution
		{B2E549D7-DD2A-44F7-A69C-9DC622C8901A}.Debug|Any CPU.ActiveCfg = Debug|Any CPU
		{B2E549D7-DD2A-44F7-A69C-9DC622C8901A}.Debug|Any CPU.Build.0 = Debug|Any CPU
		{B2E549D7-DD2A-44F7-A69C-9DC622C8901A}.Release|Any CPU.ActiveCfg = Release|Any CPU
		{B2E549D7-DD2A-44F7-A69C-9DC622C8901A}.Release|Any CPU.Build.0 = Release|Any CPU
	EndGlobalSection
	GlobalSection(SolutionProperties) = preSolution
		HideSolutionNode = FALSE
	EndGlobalSection
	GlobalSection(ExtensibilityGlobals) = postSolution
		SolutionGuid = {F5F5062E-5CB3-4F78-A2FF-9A0D6DD09277}
	EndGlobalSection
EndGlobal
